{
  "nodes": {
    "nixpkgs": {
      "locked": {
        "lastModified": 1758029226,
        "narHash": "sha256-TjqVmbpoCqWywY9xIZLTf6ANFvDCXdctCjoYuYPYdMI=",
        "path": "/nix/store/1xqlsrcmdw26ld0jicx7h5phds5c82mj-source",
        "rev": "08b8f92ac6354983f5382124fef6006cade4a1c1",
        "type": "path"
      },
      "original": {
        "owner": "nixos",
        "ref": "nixos-unstable",
        "repo": "nixpkgs",
        "type": "github"
      }
    },
    "root": {
      "inputs": {
        "nixpkgs": "nixpkgs"
      }
    }
  },
  "root": "root",
  "version": 7
}
