{
  "nodes": {
    "nixpkgs": {
      "locked": {
        "lastModified": 1773840656,
        "narHash": "sha256-9tpvMGFteZnd3gRQZFlRCohVpqooygFuy9yjuyRL2C0=",
        "path": "/nix/store/9qa4c94rswp05pi33cw8djmr481xfmsb-source",
        "rev": "9cf7092bdd603554bd8b63c216e8943cf9b12512",
        "type": "path"
      },
      "original": {
        "owner": "nixos",
        "repo": "nixpkgs",
        "rev": "9cf7092bdd603554bd8b63c216e8943cf9b12512",
        "type": "github"
      }
    },
    "root": {
      "inputs": {
        "nixpkgs": "nixpkgs"
      }
    }
  },
  "root": "root",
  "version": 7
}
